// !$*UTF8*$!
{
	archiveVersion = 1;
	classes = {
	};
	objectVersion = 50;
	objects = {

/* Begin PBXBuildFile section */
		194916552106443A004BF270 /* CoreLocation.framework in Frameworks */ = {isa = PBXBuildFile; fileRef = 194916542106443A004BF270 /* CoreLocation.framework */; };
		19626384210006C80064BC6A /* Entry.storyboard in Resources */ = {isa = PBXBuildFile; fileRef = 19626383210006C80064BC6A /* Entry.storyboard */; };
		19626387210007150064BC6A /* BeThePartyViewController.m in Sources */ = {isa = PBXBuildFile; fileRef = 19626386210007150064BC6A /* BeThePartyViewController.m */; };
		1962638A2100F8CA0064BC6A /* JoinPartyViewController.m in Sources */ = {isa = PBXBuildFile; fileRef = 196263892100F8CA0064BC6A /* JoinPartyViewController.m */; };
		1982EC4520FFBB0400336246 /* Song.m in Sources */ = {isa = PBXBuildFile; fileRef = 1982EC4420FFBB0400336246 /* Song.m */; };
		1982EC4820FFBB1400336246 /* Party.m in Sources */ = {isa = PBXBuildFile; fileRef = 1982EC4720FFBB1400336246 /* Party.m */; };
		6708BC9D2106451A00EC1231 /* NowPlayingStoryboard.storyboard in Resources */ = {isa = PBXBuildFile; fileRef = 6708BC9C2106451A00EC1231 /* NowPlayingStoryboard.storyboard */; };
		6708BCA02106459F00EC1231 /* NowPlayingViewController.m in Sources */ = {isa = PBXBuildFile; fileRef = 6708BC9F2106459F00EC1231 /* NowPlayingViewController.m */; };
		6708BCA32106571000EC1231 /* SpotifySingleton.m in Sources */ = {isa = PBXBuildFile; fileRef = 6708BCA22106571000EC1231 /* SpotifySingleton.m */; };
		6708BCA92109485500EC1231 /* play.png in Resources */ = {isa = PBXBuildFile; fileRef = 6708BCA82109485500EC1231 /* play.png */; };
		6708BCAD210A9E2500EC1231 /* UserStoryboard.storyboard in Resources */ = {isa = PBXBuildFile; fileRef = 6708BCAC210A9E2500EC1231 /* UserStoryboard.storyboard */; };
		6708BCB0210A9E5A00EC1231 /* UserViewController.m in Sources */ = {isa = PBXBuildFile; fileRef = 6708BCAF210A9E5A00EC1231 /* UserViewController.m */; };
		6708BCB5210B925200EC1231 /* UserCell.m in Sources */ = {isa = PBXBuildFile; fileRef = 6708BCB4210B925200EC1231 /* UserCell.m */; };
		6708BCB9210B9A4300EC1231 /* UserInfoCell.m in Sources */ = {isa = PBXBuildFile; fileRef = 6708BCB8210B9A4300EC1231 /* UserInfoCell.m */; };
		6708BCBB210BE5F000EC1231 /* add.png in Resources */ = {isa = PBXBuildFile; fileRef = 6708BCBA210BE5EF00EC1231 /* add.png */; };
		6708BCBD210BE61C00EC1231 /* check.png in Resources */ = {isa = PBXBuildFile; fileRef = 6708BCBC210BE61C00EC1231 /* check.png */; };
		6708BCC22110E86D00EC1231 /* black-down.png in Resources */ = {isa = PBXBuildFile; fileRef = 6708BCBE2110E86C00EC1231 /* black-down.png */; };
		6708BCC32110E86D00EC1231 /* green-up.png in Resources */ = {isa = PBXBuildFile; fileRef = 6708BCBF2110E86C00EC1231 /* green-up.png */; };
		6708BCC42110E86D00EC1231 /* red-down.png in Resources */ = {isa = PBXBuildFile; fileRef = 6708BCC02110E86C00EC1231 /* red-down.png */; };
		6708BCC52110E86D00EC1231 /* black-up.png in Resources */ = {isa = PBXBuildFile; fileRef = 6708BCC12110E86D00EC1231 /* black-up.png */; };
		675C206C21113029009F7A64 /* rainbow.png in Resources */ = {isa = PBXBuildFile; fileRef = 675C206B21113028009F7A64 /* rainbow.png */; };
		675C206E211137BA009F7A64 /* skip_back.png in Resources */ = {isa = PBXBuildFile; fileRef = 675C206D211137BA009F7A64 /* skip_back.png */; };
		675C2070211137BF009F7A64 /* skip_forward.png in Resources */ = {isa = PBXBuildFile; fileRef = 675C206F211137BF009F7A64 /* skip_forward.png */; };
		675C207621121B44009F7A64 /* pause.png in Resources */ = {isa = PBXBuildFile; fileRef = 675C207521121B43009F7A64 /* pause.png */; };
		678606D02100FEE0003EA77F /* PoolViewController.m in Sources */ = {isa = PBXBuildFile; fileRef = 678606CF2100FEE0003EA77F /* PoolViewController.m */; };
		678606D32100FF03003EA77F /* QueueViewController.m in Sources */ = {isa = PBXBuildFile; fileRef = 678606D22100FF03003EA77F /* QueueViewController.m */; };
		678606D62100FF27003EA77F /* QueueCell.m in Sources */ = {isa = PBXBuildFile; fileRef = 678606D52100FF27003EA77F /* QueueCell.m */; };
		678606D92100FF35003EA77F /* PoolCell.m in Sources */ = {isa = PBXBuildFile; fileRef = 678606D82100FF35003EA77F /* PoolCell.m */; };
		678AC0E120FFB55E000CD978 /* Main.storyboard in Resources */ = {isa = PBXBuildFile; fileRef = 678AC0E020FFB55E000CD978 /* Main.storyboard */; };
		678AC0E920FFB63C000CD978 /* SearchCell.m in Sources */ = {isa = PBXBuildFile; fileRef = 678AC0E720FFB63C000CD978 /* SearchCell.m */; };
		678AC0EE20FFB725000CD978 /* SpotifyDataManager.m in Sources */ = {isa = PBXBuildFile; fileRef = 678AC0EC20FFB724000CD978 /* SpotifyDataManager.m */; };
		678AC0F220FFBB1C000CD978 /* AVFoundation.framework in Frameworks */ = {isa = PBXBuildFile; fileRef = 678AC0F120FFBB1B000CD978 /* AVFoundation.framework */; };
		678AC0F420FFBB29000CD978 /* SystemConfiguration.framework in Frameworks */ = {isa = PBXBuildFile; fileRef = 678AC0F320FFBB29000CD978 /* SystemConfiguration.framework */; };
		678AC0F620FFFE9D000CD978 /* fox.png in Resources */ = {isa = PBXBuildFile; fileRef = 678AC0F520FFFE9D000CD978 /* fox.png */; };
		DE4ED3C9A63CE8320172F64E /* libPods-KitKat.a in Frameworks */ = {isa = PBXBuildFile; fileRef = E7E4A6FAB9D96FF96D1F87C5 /* libPods-KitKat.a */; };
		E82FE0CD210F8175007F7526 /* PartyAnnotation.m in Sources */ = {isa = PBXBuildFile; fileRef = E82FE0CC210F8175007F7526 /* PartyAnnotation.m */; };
		E82FE0D3210F9C47007F7526 /* PartyDetailViewController.m in Sources */ = {isa = PBXBuildFile; fileRef = E82FE0D2210F9C47007F7526 /* PartyDetailViewController.m */; };
		E82FE0D7210FAD13007F7526 /* comingsoon.jpg in Resources */ = {isa = PBXBuildFile; fileRef = E82FE0D6210FAD13007F7526 /* comingsoon.jpg */; };
		E82FE0DA210FCE5B007F7526 /* QueuePreviewCell.m in Sources */ = {isa = PBXBuildFile; fileRef = E82FE0D9210FCE5B007F7526 /* QueuePreviewCell.m */; };
		E840CE4F210801C800466F1A /* SpotifySong.m in Sources */ = {isa = PBXBuildFile; fileRef = E840CE4E210801C800466F1A /* SpotifySong.m */; };
		E840CE522108F9A800466F1A /* User.m in Sources */ = {isa = PBXBuildFile; fileRef = E840CE512108F9A800466F1A /* User.m */; };
		E850FAE4210BDF5A00832FA0 /* MapKit.framework in Frameworks */ = {isa = PBXBuildFile; fileRef = E850FAE3210BDF5A00832FA0 /* MapKit.framework */; };
		E850FAE7210BDF8400832FA0 /* EntryMapViewController.m in Sources */ = {isa = PBXBuildFile; fileRef = E850FAE6210BDF8400832FA0 /* EntryMapViewController.m */; };
		E897D5032102621B00BF33AD /* PartyCell.m in Sources */ = {isa = PBXBuildFile; fileRef = E897D5022102621B00BF33AD /* PartyCell.m */; };
		E897D512210281BF00BF33AD /* AbstractSongCell.m in Sources */ = {isa = PBXBuildFile; fileRef = E897D511210281BF00BF33AD /* AbstractSongCell.m */; };
		E8C9482120FFAFF300962B4D /* AppDelegate.m in Sources */ = {isa = PBXBuildFile; fileRef = E8C9482020FFAFF300962B4D /* AppDelegate.m */; };
		E8C9482920FFAFF500962B4D /* Assets.xcassets in Resources */ = {isa = PBXBuildFile; fileRef = E8C9482820FFAFF500962B4D /* Assets.xcassets */; };
		E8C9482C20FFAFF500962B4D /* LaunchScreen.storyboard in Resources */ = {isa = PBXBuildFile; fileRef = E8C9482A20FFAFF500962B4D /* LaunchScreen.storyboard */; };
		E8C9482F20FFAFF500962B4D /* main.m in Sources */ = {isa = PBXBuildFile; fileRef = E8C9482E20FFAFF500962B4D /* main.m */; };
		E8D9210E20FFB35400CB5994 /* SpotifyAudioPlayback.framework in Frameworks */ = {isa = PBXBuildFile; fileRef = E8D9210B20FFB35400CB5994 /* SpotifyAudioPlayback.framework */; };
		E8D9210F20FFB35400CB5994 /* SpotifyAuthentication.framework in Frameworks */ = {isa = PBXBuildFile; fileRef = E8D9210C20FFB35400CB5994 /* SpotifyAuthentication.framework */; };
		E8D9211020FFB35400CB5994 /* SpotifyMetadata.framework in Frameworks */ = {isa = PBXBuildFile; fileRef = E8D9210D20FFB35400CB5994 /* SpotifyMetadata.framework */; };
		E8D9211420FFBA4200CB5994 /* BackendAPIManager.m in Sources */ = {isa = PBXBuildFile; fileRef = E8D9211320FFBA4200CB5994 /* BackendAPIManager.m */; };
/* End PBXBuildFile section */

/* Begin PBXFileReference section */
		194916542106443A004BF270 /* CoreLocation.framework */ = {isa = PBXFileReference; lastKnownFileType = wrapper.framework; name = CoreLocation.framework; path = System/Library/Frameworks/CoreLocation.framework; sourceTree = SDKROOT; };
		19626383210006C80064BC6A /* Entry.storyboard */ = {isa = PBXFileReference; lastKnownFileType = file.storyboard; path = Entry.storyboard; sourceTree = "<group>"; };
		19626385210007150064BC6A /* BeThePartyViewController.h */ = {isa = PBXFileReference; lastKnownFileType = sourcecode.c.h; path = BeThePartyViewController.h; sourceTree = "<group>"; };
		19626386210007150064BC6A /* BeThePartyViewController.m */ = {isa = PBXFileReference; lastKnownFileType = sourcecode.c.objc; path = BeThePartyViewController.m; sourceTree = "<group>"; };
		196263882100F8CA0064BC6A /* JoinPartyViewController.h */ = {isa = PBXFileReference; lastKnownFileType = sourcecode.c.h; path = JoinPartyViewController.h; sourceTree = "<group>"; };
		196263892100F8CA0064BC6A /* JoinPartyViewController.m */ = {isa = PBXFileReference; lastKnownFileType = sourcecode.c.objc; path = JoinPartyViewController.m; sourceTree = "<group>"; };
		1982EC4320FFBB0400336246 /* Song.h */ = {isa = PBXFileReference; lastKnownFileType = sourcecode.c.h; path = Song.h; sourceTree = "<group>"; };
		1982EC4420FFBB0400336246 /* Song.m */ = {isa = PBXFileReference; lastKnownFileType = sourcecode.c.objc; path = Song.m; sourceTree = "<group>"; };
		1982EC4620FFBB1400336246 /* Party.h */ = {isa = PBXFileReference; lastKnownFileType = sourcecode.c.h; path = Party.h; sourceTree = "<group>"; };
		1982EC4720FFBB1400336246 /* Party.m */ = {isa = PBXFileReference; lastKnownFileType = sourcecode.c.objc; path = Party.m; sourceTree = "<group>"; };
		6708BC9C2106451A00EC1231 /* NowPlayingStoryboard.storyboard */ = {isa = PBXFileReference; lastKnownFileType = file.storyboard; path = NowPlayingStoryboard.storyboard; sourceTree = "<group>"; };
		6708BC9E2106459F00EC1231 /* NowPlayingViewController.h */ = {isa = PBXFileReference; lastKnownFileType = sourcecode.c.h; path = NowPlayingViewController.h; sourceTree = "<group>"; };
		6708BC9F2106459F00EC1231 /* NowPlayingViewController.m */ = {isa = PBXFileReference; lastKnownFileType = sourcecode.c.objc; path = NowPlayingViewController.m; sourceTree = "<group>"; };
		6708BCA12106571000EC1231 /* SpotifySingleton.h */ = {isa = PBXFileReference; lastKnownFileType = sourcecode.c.h; path = SpotifySingleton.h; sourceTree = "<group>"; };
		6708BCA22106571000EC1231 /* SpotifySingleton.m */ = {isa = PBXFileReference; lastKnownFileType = sourcecode.c.objc; path = SpotifySingleton.m; sourceTree = "<group>"; };
		6708BCA82109485500EC1231 /* play.png */ = {isa = PBXFileReference; lastKnownFileType = image.png; path = play.png; sourceTree = "<group>"; };
		6708BCAC210A9E2500EC1231 /* UserStoryboard.storyboard */ = {isa = PBXFileReference; lastKnownFileType = file.storyboard; path = UserStoryboard.storyboard; sourceTree = "<group>"; };
		6708BCAE210A9E5A00EC1231 /* UserViewController.h */ = {isa = PBXFileReference; lastKnownFileType = sourcecode.c.h; path = UserViewController.h; sourceTree = "<group>"; };
		6708BCAF210A9E5A00EC1231 /* UserViewController.m */ = {isa = PBXFileReference; lastKnownFileType = sourcecode.c.objc; path = UserViewController.m; sourceTree = "<group>"; };
		6708BCB3210B925200EC1231 /* UserCell.h */ = {isa = PBXFileReference; lastKnownFileType = sourcecode.c.h; path = UserCell.h; sourceTree = "<group>"; };
		6708BCB4210B925200EC1231 /* UserCell.m */ = {isa = PBXFileReference; lastKnownFileType = sourcecode.c.objc; path = UserCell.m; sourceTree = "<group>"; };
		6708BCB7210B9A4300EC1231 /* UserInfoCell.h */ = {isa = PBXFileReference; lastKnownFileType = sourcecode.c.h; path = UserInfoCell.h; sourceTree = "<group>"; };
		6708BCB8210B9A4300EC1231 /* UserInfoCell.m */ = {isa = PBXFileReference; lastKnownFileType = sourcecode.c.objc; path = UserInfoCell.m; sourceTree = "<group>"; };
		6708BCBA210BE5EF00EC1231 /* add.png */ = {isa = PBXFileReference; lastKnownFileType = image.png; path = add.png; sourceTree = "<group>"; };
		6708BCBC210BE61C00EC1231 /* check.png */ = {isa = PBXFileReference; lastKnownFileType = image.png; path = check.png; sourceTree = "<group>"; };
		6708BCBE2110E86C00EC1231 /* black-down.png */ = {isa = PBXFileReference; lastKnownFileType = image.png; path = "black-down.png"; sourceTree = "<group>"; };
		6708BCBF2110E86C00EC1231 /* green-up.png */ = {isa = PBXFileReference; lastKnownFileType = image.png; path = "green-up.png"; sourceTree = "<group>"; };
		6708BCC02110E86C00EC1231 /* red-down.png */ = {isa = PBXFileReference; lastKnownFileType = image.png; path = "red-down.png"; sourceTree = "<group>"; };
		6708BCC12110E86D00EC1231 /* black-up.png */ = {isa = PBXFileReference; lastKnownFileType = image.png; path = "black-up.png"; sourceTree = "<group>"; };
		675C206B21113028009F7A64 /* rainbow.png */ = {isa = PBXFileReference; lastKnownFileType = image.png; path = rainbow.png; sourceTree = "<group>"; };
		675C206D211137BA009F7A64 /* skip_back.png */ = {isa = PBXFileReference; lastKnownFileType = image.png; path = skip_back.png; sourceTree = "<group>"; };
		675C206F211137BF009F7A64 /* skip_forward.png */ = {isa = PBXFileReference; lastKnownFileType = image.png; path = skip_forward.png; sourceTree = "<group>"; };
		675C207521121B43009F7A64 /* pause.png */ = {isa = PBXFileReference; lastKnownFileType = image.png; path = pause.png; sourceTree = "<group>"; };
		678606CE2100FEE0003EA77F /* PoolViewController.h */ = {isa = PBXFileReference; lastKnownFileType = sourcecode.c.h; path = PoolViewController.h; sourceTree = "<group>"; };
		678606CF2100FEE0003EA77F /* PoolViewController.m */ = {isa = PBXFileReference; lastKnownFileType = sourcecode.c.objc; path = PoolViewController.m; sourceTree = "<group>"; };
		678606D12100FF03003EA77F /* QueueViewController.h */ = {isa = PBXFileReference; lastKnownFileType = sourcecode.c.h; path = QueueViewController.h; sourceTree = "<group>"; };
		678606D22100FF03003EA77F /* QueueViewController.m */ = {isa = PBXFileReference; lastKnownFileType = sourcecode.c.objc; path = QueueViewController.m; sourceTree = "<group>"; };
		678606D42100FF27003EA77F /* QueueCell.h */ = {isa = PBXFileReference; lastKnownFileType = sourcecode.c.h; path = QueueCell.h; sourceTree = "<group>"; };
		678606D52100FF27003EA77F /* QueueCell.m */ = {isa = PBXFileReference; lastKnownFileType = sourcecode.c.objc; path = QueueCell.m; sourceTree = "<group>"; };
		678606D72100FF35003EA77F /* PoolCell.h */ = {isa = PBXFileReference; lastKnownFileType = sourcecode.c.h; path = PoolCell.h; sourceTree = "<group>"; };
		678606D82100FF35003EA77F /* PoolCell.m */ = {isa = PBXFileReference; lastKnownFileType = sourcecode.c.objc; path = PoolCell.m; sourceTree = "<group>"; };
		678AC0E020FFB55E000CD978 /* Main.storyboard */ = {isa = PBXFileReference; fileEncoding = 4; lastKnownFileType = file.storyboard; path = Main.storyboard; sourceTree = "<group>"; };
		678AC0E720FFB63C000CD978 /* SearchCell.m */ = {isa = PBXFileReference; fileEncoding = 4; lastKnownFileType = sourcecode.c.objc; path = SearchCell.m; sourceTree = "<group>"; };
		678AC0E820FFB63C000CD978 /* SearchCell.h */ = {isa = PBXFileReference; fileEncoding = 4; lastKnownFileType = sourcecode.c.h; path = SearchCell.h; sourceTree = "<group>"; };
		678AC0EC20FFB724000CD978 /* SpotifyDataManager.m */ = {isa = PBXFileReference; lastKnownFileType = sourcecode.c.objc; path = SpotifyDataManager.m; sourceTree = "<group>"; };
		678AC0ED20FFB724000CD978 /* SpotifyDataManager.h */ = {isa = PBXFileReference; lastKnownFileType = sourcecode.c.h; path = SpotifyDataManager.h; sourceTree = "<group>"; };
		678AC0F120FFBB1B000CD978 /* AVFoundation.framework */ = {isa = PBXFileReference; lastKnownFileType = wrapper.framework; name = AVFoundation.framework; path = System/Library/Frameworks/AVFoundation.framework; sourceTree = SDKROOT; };
		678AC0F320FFBB29000CD978 /* SystemConfiguration.framework */ = {isa = PBXFileReference; lastKnownFileType = wrapper.framework; name = SystemConfiguration.framework; path = System/Library/Frameworks/SystemConfiguration.framework; sourceTree = SDKROOT; };
		678AC0F520FFFE9D000CD978 /* fox.png */ = {isa = PBXFileReference; lastKnownFileType = image.png; path = fox.png; sourceTree = "<group>"; };
		97B709FF732FA2C63C67C79E /* Pods-KitKat.debug.xcconfig */ = {isa = PBXFileReference; includeInIndex = 1; lastKnownFileType = text.xcconfig; name = "Pods-KitKat.debug.xcconfig"; path = "Pods/Target Support Files/Pods-KitKat/Pods-KitKat.debug.xcconfig"; sourceTree = "<group>"; };
		A0BCB2D73B8353EE2827BCA8 /* Pods-KitKat.release.xcconfig */ = {isa = PBXFileReference; includeInIndex = 1; lastKnownFileType = text.xcconfig; name = "Pods-KitKat.release.xcconfig"; path = "Pods/Target Support Files/Pods-KitKat/Pods-KitKat.release.xcconfig"; sourceTree = "<group>"; };
		E7E4A6FAB9D96FF96D1F87C5 /* libPods-KitKat.a */ = {isa = PBXFileReference; explicitFileType = archive.ar; includeInIndex = 0; path = "libPods-KitKat.a"; sourceTree = BUILT_PRODUCTS_DIR; };
		E82FE0CB210F8175007F7526 /* PartyAnnotation.h */ = {isa = PBXFileReference; lastKnownFileType = sourcecode.c.h; path = PartyAnnotation.h; sourceTree = "<group>"; };
		E82FE0CC210F8175007F7526 /* PartyAnnotation.m */ = {isa = PBXFileReference; lastKnownFileType = sourcecode.c.objc; path = PartyAnnotation.m; sourceTree = "<group>"; };
		E82FE0D1210F9C47007F7526 /* PartyDetailViewController.h */ = {isa = PBXFileReference; lastKnownFileType = sourcecode.c.h; path = PartyDetailViewController.h; sourceTree = "<group>"; };
		E82FE0D2210F9C47007F7526 /* PartyDetailViewController.m */ = {isa = PBXFileReference; lastKnownFileType = sourcecode.c.objc; path = PartyDetailViewController.m; sourceTree = "<group>"; };
		E82FE0D6210FAD13007F7526 /* comingsoon.jpg */ = {isa = PBXFileReference; lastKnownFileType = image.jpeg; path = comingsoon.jpg; sourceTree = "<group>"; };
		E82FE0D8210FCE5B007F7526 /* QueuePreviewCell.h */ = {isa = PBXFileReference; lastKnownFileType = sourcecode.c.h; path = QueuePreviewCell.h; sourceTree = "<group>"; };
		E82FE0D9210FCE5B007F7526 /* QueuePreviewCell.m */ = {isa = PBXFileReference; lastKnownFileType = sourcecode.c.objc; path = QueuePreviewCell.m; sourceTree = "<group>"; };
		E840CE4D210801C800466F1A /* SpotifySong.h */ = {isa = PBXFileReference; lastKnownFileType = sourcecode.c.h; path = SpotifySong.h; sourceTree = "<group>"; };
		E840CE4E210801C800466F1A /* SpotifySong.m */ = {isa = PBXFileReference; lastKnownFileType = sourcecode.c.objc; path = SpotifySong.m; sourceTree = "<group>"; };
		E840CE502108F9A800466F1A /* User.h */ = {isa = PBXFileReference; lastKnownFileType = sourcecode.c.h; path = User.h; sourceTree = "<group>"; };
		E840CE512108F9A800466F1A /* User.m */ = {isa = PBXFileReference; lastKnownFileType = sourcecode.c.objc; path = User.m; sourceTree = "<group>"; };
		E850FAE3210BDF5A00832FA0 /* MapKit.framework */ = {isa = PBXFileReference; lastKnownFileType = wrapper.framework; name = MapKit.framework; path = System/Library/Frameworks/MapKit.framework; sourceTree = SDKROOT; };
		E850FAE5210BDF8400832FA0 /* EntryMapViewController.h */ = {isa = PBXFileReference; lastKnownFileType = sourcecode.c.h; path = EntryMapViewController.h; sourceTree = "<group>"; };
		E850FAE6210BDF8400832FA0 /* EntryMapViewController.m */ = {isa = PBXFileReference; lastKnownFileType = sourcecode.c.objc; path = EntryMapViewController.m; sourceTree = "<group>"; };
		E897D5012102620900BF33AD /* PartyCell.h */ = {isa = PBXFileReference; lastKnownFileType = sourcecode.c.h; path = PartyCell.h; sourceTree = "<group>"; };
		E897D5022102621B00BF33AD /* PartyCell.m */ = {isa = PBXFileReference; fileEncoding = 4; lastKnownFileType = sourcecode.c.objc; path = PartyCell.m; sourceTree = "<group>"; };
		E897D510210281BF00BF33AD /* AbstractSongCell.h */ = {isa = PBXFileReference; lastKnownFileType = sourcecode.c.h; path = AbstractSongCell.h; sourceTree = "<group>"; };
		E897D511210281BF00BF33AD /* AbstractSongCell.m */ = {isa = PBXFileReference; lastKnownFileType = sourcecode.c.objc; path = AbstractSongCell.m; sourceTree = "<group>"; };
		E8C9481C20FFAFF300962B4D /* KitKat.app */ = {isa = PBXFileReference; explicitFileType = wrapper.application; includeInIndex = 0; path = KitKat.app; sourceTree = BUILT_PRODUCTS_DIR; };
		E8C9481F20FFAFF300962B4D /* AppDelegate.h */ = {isa = PBXFileReference; lastKnownFileType = sourcecode.c.h; path = AppDelegate.h; sourceTree = "<group>"; };
		E8C9482020FFAFF300962B4D /* AppDelegate.m */ = {isa = PBXFileReference; lastKnownFileType = sourcecode.c.objc; path = AppDelegate.m; sourceTree = "<group>"; };
		E8C9482820FFAFF500962B4D /* Assets.xcassets */ = {isa = PBXFileReference; lastKnownFileType = folder.assetcatalog; path = Assets.xcassets; sourceTree = "<group>"; };
		E8C9482B20FFAFF500962B4D /* Base */ = {isa = PBXFileReference; lastKnownFileType = file.storyboard; name = Base; path = Base.lproj/LaunchScreen.storyboard; sourceTree = "<group>"; };
		E8C9482D20FFAFF500962B4D /* Info.plist */ = {isa = PBXFileReference; lastKnownFileType = text.plist.xml; path = Info.plist; sourceTree = "<group>"; };
		E8C9482E20FFAFF500962B4D /* main.m */ = {isa = PBXFileReference; lastKnownFileType = sourcecode.c.objc; path = main.m; sourceTree = "<group>"; };
		E8D9210B20FFB35400CB5994 /* SpotifyAudioPlayback.framework */ = {isa = PBXFileReference; lastKnownFileType = wrapper.framework; path = SpotifyAudioPlayback.framework; sourceTree = "<group>"; };
		E8D9210C20FFB35400CB5994 /* SpotifyAuthentication.framework */ = {isa = PBXFileReference; lastKnownFileType = wrapper.framework; path = SpotifyAuthentication.framework; sourceTree = "<group>"; };
		E8D9210D20FFB35400CB5994 /* SpotifyMetadata.framework */ = {isa = PBXFileReference; lastKnownFileType = wrapper.framework; path = SpotifyMetadata.framework; sourceTree = "<group>"; };
		E8D9211220FFBA4200CB5994 /* BackendAPIManager.h */ = {isa = PBXFileReference; lastKnownFileType = sourcecode.c.h; path = BackendAPIManager.h; sourceTree = "<group>"; };
		E8D9211320FFBA4200CB5994 /* BackendAPIManager.m */ = {isa = PBXFileReference; lastKnownFileType = sourcecode.c.objc; path = BackendAPIManager.m; sourceTree = "<group>"; };
/* End PBXFileReference section */

/* Begin PBXFrameworksBuildPhase section */
		E8C9481920FFAFF300962B4D /* Frameworks */ = {
			isa = PBXFrameworksBuildPhase;
			buildActionMask = 2147483647;
			files = (
				E850FAE4210BDF5A00832FA0 /* MapKit.framework in Frameworks */,
				194916552106443A004BF270 /* CoreLocation.framework in Frameworks */,
				678AC0F420FFBB29000CD978 /* SystemConfiguration.framework in Frameworks */,
				678AC0F220FFBB1C000CD978 /* AVFoundation.framework in Frameworks */,
				E8D9211020FFB35400CB5994 /* SpotifyMetadata.framework in Frameworks */,
				DE4ED3C9A63CE8320172F64E /* libPods-KitKat.a in Frameworks */,
				E8D9210F20FFB35400CB5994 /* SpotifyAuthentication.framework in Frameworks */,
				E8D9210E20FFB35400CB5994 /* SpotifyAudioPlayback.framework in Frameworks */,
			);
			runOnlyForDeploymentPostprocessing = 0;
		};
/* End PBXFrameworksBuildPhase section */

/* Begin PBXGroup section */
		021ACFE56BC5F92F21275FF5 /* Pods */ = {
			isa = PBXGroup;
			children = (
				97B709FF732FA2C63C67C79E /* Pods-KitKat.debug.xcconfig */,
				A0BCB2D73B8353EE2827BCA8 /* Pods-KitKat.release.xcconfig */,
			);
			name = Pods;
			sourceTree = "<group>";
		};
		1962638B2100FBF60064BC6A /* Entry */ = {
			isa = PBXGroup;
			children = (
				E82FE0CA210F8157007F7526 /* Models */,
				E897D50821027F5B00BF33AD /* Controllers */,
				E897D50721027EFC00BF33AD /* Views */,
			);
			path = Entry;
			sourceTree = "<group>";
		};
		1982EC4220FFBAE200336246 /* Models */ = {
			isa = PBXGroup;
			children = (
				1982EC4320FFBB0400336246 /* Song.h */,
				1982EC4420FFBB0400336246 /* Song.m */,
				1982EC4620FFBB1400336246 /* Party.h */,
				1982EC4720FFBB1400336246 /* Party.m */,
				E840CE4D210801C800466F1A /* SpotifySong.h */,
				E840CE4E210801C800466F1A /* SpotifySong.m */,
				E840CE502108F9A800466F1A /* User.h */,
				E840CE512108F9A800466F1A /* User.m */,
			);
			path = Models;
			sourceTree = "<group>";
		};
		314750A7B29659F83F010B5C /* Frameworks */ = {
			isa = PBXGroup;
			children = (
				E850FAE3210BDF5A00832FA0 /* MapKit.framework */,
				194916542106443A004BF270 /* CoreLocation.framework */,
				678AC0F320FFBB29000CD978 /* SystemConfiguration.framework */,
				678AC0F120FFBB1B000CD978 /* AVFoundation.framework */,
				E8D9210B20FFB35400CB5994 /* SpotifyAudioPlayback.framework */,
				E8D9210C20FFB35400CB5994 /* SpotifyAuthentication.framework */,
				E8D9210D20FFB35400CB5994 /* SpotifyMetadata.framework */,
				E7E4A6FAB9D96FF96D1F87C5 /* libPods-KitKat.a */,
			);
			name = Frameworks;
			sourceTree = "<group>";
		};
		6708BCB2210A9E7800EC1231 /* Now Playing */ = {
			isa = PBXGroup;
			children = (
				6708BC9E2106459F00EC1231 /* NowPlayingViewController.h */,
				6708BC9F2106459F00EC1231 /* NowPlayingViewController.m */,
			);
			path = "Now Playing";
			sourceTree = "<group>";
		};
		6708BCB6210B980700EC1231 /* User Profile */ = {
			isa = PBXGroup;
			children = (
				6708BCAE210A9E5A00EC1231 /* UserViewController.h */,
				6708BCAF210A9E5A00EC1231 /* UserViewController.m */,
				6708BCB3210B925200EC1231 /* UserCell.h */,
				6708BCB4210B925200EC1231 /* UserCell.m */,
				6708BCB7210B9A4300EC1231 /* UserInfoCell.h */,
				6708BCB8210B9A4300EC1231 /* UserInfoCell.m */,
			);
			path = "User Profile";
			sourceTree = "<group>";
		};
		678606CC2100FEA9003EA77F /* Pool */ = {
			isa = PBXGroup;
			children = (
				E897D50C210280F700BF33AD /* Views */,
				E897D50B210280E700BF33AD /* Controllers */,
			);
			path = Pool;
			sourceTree = "<group>";
		};
		678606CD2100FEC1003EA77F /* Queue */ = {
			isa = PBXGroup;
			children = (
				E897D50E2102811A00BF33AD /* Views */,
				E897D50D2102811400BF33AD /* Controllers */,
			);
			path = Queue;
			sourceTree = "<group>";
		};
		678606DA2101010B003EA77F /* Image Assets */ = {
			isa = PBXGroup;
			children = (
				675C206D211137BA009F7A64 /* skip_back.png */,
				675C206F211137BF009F7A64 /* skip_forward.png */,
				675C206B21113028009F7A64 /* rainbow.png */,
				675C207521121B43009F7A64 /* pause.png */,
				6708BCBE2110E86C00EC1231 /* black-down.png */,
				6708BCC12110E86D00EC1231 /* black-up.png */,
				6708BCBF2110E86C00EC1231 /* green-up.png */,
				6708BCC02110E86C00EC1231 /* red-down.png */,
				6708BCA82109485500EC1231 /* play.png */,
				E82FE0D6210FAD13007F7526 /* comingsoon.jpg */,
				678AC0F520FFFE9D000CD978 /* fox.png */,
				6708BCBA210BE5EF00EC1231 /* add.png */,
				6708BCBC210BE61C00EC1231 /* check.png */,
			);
			path = "Image Assets";
			sourceTree = "<group>";
		};
		678AC0F020FFB794000CD978 /* Util */ = {
			isa = PBXGroup;
			children = (
				E8D9211220FFBA4200CB5994 /* BackendAPIManager.h */,
				E8D9211320FFBA4200CB5994 /* BackendAPIManager.m */,
				678AC0ED20FFB724000CD978 /* SpotifyDataManager.h */,
				678AC0EC20FFB724000CD978 /* SpotifyDataManager.m */,
				6708BCA12106571000EC1231 /* SpotifySingleton.h */,
				6708BCA22106571000EC1231 /* SpotifySingleton.m */,
			);
			path = Util;
			sourceTree = "<group>";
		};
		E82FE0CA210F8157007F7526 /* Models */ = {
			isa = PBXGroup;
			children = (
				E82FE0CB210F8175007F7526 /* PartyAnnotation.h */,
				E82FE0CC210F8175007F7526 /* PartyAnnotation.m */,
			);
			path = Models;
			sourceTree = "<group>";
		};
		E897D50721027EFC00BF33AD /* Views */ = {
			isa = PBXGroup;
			children = (
				E897D5022102621B00BF33AD /* PartyCell.m */,
				E897D5012102620900BF33AD /* PartyCell.h */,
				E82FE0D8210FCE5B007F7526 /* QueuePreviewCell.h */,
				E82FE0D9210FCE5B007F7526 /* QueuePreviewCell.m */,
			);
			path = Views;
			sourceTree = "<group>";
		};
		E897D50821027F5B00BF33AD /* Controllers */ = {
			isa = PBXGroup;
			children = (
				19626385210007150064BC6A /* BeThePartyViewController.h */,
				19626386210007150064BC6A /* BeThePartyViewController.m */,
				196263882100F8CA0064BC6A /* JoinPartyViewController.h */,
				196263892100F8CA0064BC6A /* JoinPartyViewController.m */,
				E850FAE5210BDF8400832FA0 /* EntryMapViewController.h */,
				E850FAE6210BDF8400832FA0 /* EntryMapViewController.m */,
				E82FE0D1210F9C47007F7526 /* PartyDetailViewController.h */,
				E82FE0D2210F9C47007F7526 /* PartyDetailViewController.m */,
			);
			path = Controllers;
			sourceTree = "<group>";
		};
		E897D50B210280E700BF33AD /* Controllers */ = {
			isa = PBXGroup;
			children = (
				678606CE2100FEE0003EA77F /* PoolViewController.h */,
				678606CF2100FEE0003EA77F /* PoolViewController.m */,
			);
			path = Controllers;
			sourceTree = "<group>";
		};
		E897D50C210280F700BF33AD /* Views */ = {
			isa = PBXGroup;
			children = (
				678606D72100FF35003EA77F /* PoolCell.h */,
				678606D82100FF35003EA77F /* PoolCell.m */,
				678AC0E820FFB63C000CD978 /* SearchCell.h */,
				678AC0E720FFB63C000CD978 /* SearchCell.m */,
			);
			path = Views;
			sourceTree = "<group>";
		};
		E897D50D2102811400BF33AD /* Controllers */ = {
			isa = PBXGroup;
			children = (
				678606D12100FF03003EA77F /* QueueViewController.h */,
				678606D22100FF03003EA77F /* QueueViewController.m */,
			);
			path = Controllers;
			sourceTree = "<group>";
		};
		E897D50E2102811A00BF33AD /* Views */ = {
			isa = PBXGroup;
			children = (
				678606D42100FF27003EA77F /* QueueCell.h */,
				678606D52100FF27003EA77F /* QueueCell.m */,
			);
			path = Views;
			sourceTree = "<group>";
		};
		E897D50F2102818A00BF33AD /* Views */ = {
			isa = PBXGroup;
			children = (
				E897D510210281BF00BF33AD /* AbstractSongCell.h */,
				E897D511210281BF00BF33AD /* AbstractSongCell.m */,
			);
			path = Views;
			sourceTree = "<group>";
		};
		E8C9481320FFAFF300962B4D = {
			isa = PBXGroup;
			children = (
				E8C9481E20FFAFF300962B4D /* KitKat */,
				E8C9481D20FFAFF300962B4D /* Products */,
				021ACFE56BC5F92F21275FF5 /* Pods */,
				314750A7B29659F83F010B5C /* Frameworks */,
			);
			sourceTree = "<group>";
		};
		E8C9481D20FFAFF300962B4D /* Products */ = {
			isa = PBXGroup;
			children = (
				E8C9481C20FFAFF300962B4D /* KitKat.app */,
			);
			name = Products;
			sourceTree = "<group>";
		};
		E8C9481E20FFAFF300962B4D /* KitKat */ = {
			isa = PBXGroup;
			children = (
				E897D50F2102818A00BF33AD /* Views */,
				1982EC4220FFBAE200336246 /* Models */,
				678606DA2101010B003EA77F /* Image Assets */,
				678606CD2100FEC1003EA77F /* Queue */,
				678606CC2100FEA9003EA77F /* Pool */,
				678AC0F020FFB794000CD978 /* Util */,
				6708BCB2210A9E7800EC1231 /* Now Playing */,
				1962638B2100FBF60064BC6A /* Entry */,
				6708BCB6210B980700EC1231 /* User Profile */,
				E8C9482A20FFAFF500962B4D /* LaunchScreen.storyboard */,
				19626383210006C80064BC6A /* Entry.storyboard */,
				678AC0E020FFB55E000CD978 /* Main.storyboard */,
				6708BC9C2106451A00EC1231 /* NowPlayingStoryboard.storyboard */,
				6708BCAC210A9E2500EC1231 /* UserStoryboard.storyboard */,
				E8C9481F20FFAFF300962B4D /* AppDelegate.h */,
				E8C9482020FFAFF300962B4D /* AppDelegate.m */,
				E8C9482820FFAFF500962B4D /* Assets.xcassets */,
				E8C9482D20FFAFF500962B4D /* Info.plist */,
				E8C9482E20FFAFF500962B4D /* main.m */,
			);
			path = KitKat;
			sourceTree = "<group>";
		};
/* End PBXGroup section */

/* Begin PBXNativeTarget section */
		E8C9481B20FFAFF300962B4D /* KitKat */ = {
			isa = PBXNativeTarget;
			buildConfigurationList = E8C9483220FFAFF500962B4D /* Build configuration list for PBXNativeTarget "KitKat" */;
			buildPhases = (
				9BE1E8F429A04F40594FBAEB /* [CP] Check Pods Manifest.lock */,
				E8C9481820FFAFF300962B4D /* Sources */,
				E8C9481920FFAFF300962B4D /* Frameworks */,
				E8C9481A20FFAFF300962B4D /* Resources */,
			);
			buildRules = (
			);
			dependencies = (
			);
			name = KitKat;
			productName = KitKat;
			productReference = E8C9481C20FFAFF300962B4D /* KitKat.app */;
			productType = "com.apple.product-type.application";
		};
/* End PBXNativeTarget section */

/* Begin PBXProject section */
		E8C9481420FFAFF300962B4D /* Project object */ = {
			isa = PBXProject;
			attributes = {
				LastUpgradeCheck = 0940;
				ORGANIZATIONNAME = kewlkits;
				TargetAttributes = {
					E8C9481B20FFAFF300962B4D = {
						CreatedOnToolsVersion = 9.4.1;
					};
				};
			};
			buildConfigurationList = E8C9481720FFAFF300962B4D /* Build configuration list for PBXProject "KitKat" */;
			compatibilityVersion = "Xcode 9.3";
			developmentRegion = en;
			hasScannedForEncodings = 0;
			knownRegions = (
				en,
				Base,
			);
			mainGroup = E8C9481320FFAFF300962B4D;
			productRefGroup = E8C9481D20FFAFF300962B4D /* Products */;
			projectDirPath = "";
			projectRoot = "";
			targets = (
				E8C9481B20FFAFF300962B4D /* KitKat */,
			);
		};
/* End PBXProject section */

/* Begin PBXResourcesBuildPhase section */
		E8C9481A20FFAFF300962B4D /* Resources */ = {
			isa = PBXResourcesBuildPhase;
			buildActionMask = 2147483647;
			files = (
				E82FE0D7210FAD13007F7526 /* comingsoon.jpg in Resources */,
				6708BCC22110E86D00EC1231 /* black-down.png in Resources */,
				675C207621121B44009F7A64 /* pause.png in Resources */,
				E8C9482C20FFAFF500962B4D /* LaunchScreen.storyboard in Resources */,
				6708BCBD210BE61C00EC1231 /* check.png in Resources */,
				19626384210006C80064BC6A /* Entry.storyboard in Resources */,
				E8C9482920FFAFF500962B4D /* Assets.xcassets in Resources */,
				6708BCC42110E86D00EC1231 /* red-down.png in Resources */,
				6708BCA92109485500EC1231 /* play.png in Resources */,
				6708BCC32110E86D00EC1231 /* green-up.png in Resources */,
				675C206C21113029009F7A64 /* rainbow.png in Resources */,
				6708BCC52110E86D00EC1231 /* black-up.png in Resources */,
				6708BCBB210BE5F000EC1231 /* add.png in Resources */,
				6708BC9D2106451A00EC1231 /* NowPlayingStoryboard.storyboard in Resources */,
				675C2070211137BF009F7A64 /* skip_forward.png in Resources */,
				6708BCAD210A9E2500EC1231 /* UserStoryboard.storyboard in Resources */,
				675C206E211137BA009F7A64 /* skip_back.png in Resources */,
				678AC0E120FFB55E000CD978 /* Main.storyboard in Resources */,
				678AC0F620FFFE9D000CD978 /* fox.png in Resources */,
			);
			runOnlyForDeploymentPostprocessing = 0;
		};
/* End PBXResourcesBuildPhase section */

/* Begin PBXShellScriptBuildPhase section */
		9BE1E8F429A04F40594FBAEB /* [CP] Check Pods Manifest.lock */ = {
			isa = PBXShellScriptBuildPhase;
			buildActionMask = 2147483647;
			files = (
			);
			inputPaths = (
				"${PODS_PODFILE_DIR_PATH}/Podfile.lock",
				"${PODS_ROOT}/Manifest.lock",
			);
			name = "[CP] Check Pods Manifest.lock";
			outputPaths = (
				"$(DERIVED_FILE_DIR)/Pods-KitKat-checkManifestLockResult.txt",
			);
			runOnlyForDeploymentPostprocessing = 0;
			shellPath = /bin/sh;
			shellScript = "diff \"${PODS_PODFILE_DIR_PATH}/Podfile.lock\" \"${PODS_ROOT}/Manifest.lock\" > /dev/null\nif [ $? != 0 ] ; then\n    # print error to STDERR\n    echo \"error: The sandbox is not in sync with the Podfile.lock. Run 'pod install' or update your CocoaPods installation.\" >&2\n    exit 1\nfi\n# This output is used by Xcode 'outputs' to avoid re-running this script phase.\necho \"SUCCESS\" > \"${SCRIPT_OUTPUT_FILE_0}\"\n";
			showEnvVarsInLog = 0;
		};
/* End PBXShellScriptBuildPhase section */

/* Begin PBXSourcesBuildPhase section */
		E8C9481820FFAFF300962B4D /* Sources */ = {
			isa = PBXSourcesBuildPhase;
			buildActionMask = 2147483647;
			files = (
				6708BCB0210A9E5A00EC1231 /* UserViewController.m in Sources */,
				E840CE522108F9A800466F1A /* User.m in Sources */,
				E82FE0DA210FCE5B007F7526 /* QueuePreviewCell.m in Sources */,
				1982EC4520FFBB0400336246 /* Song.m in Sources */,
				6708BCA02106459F00EC1231 /* NowPlayingViewController.m in Sources */,
				678606D02100FEE0003EA77F /* PoolViewController.m in Sources */,
				19626387210007150064BC6A /* BeThePartyViewController.m in Sources */,
				E8C9482F20FFAFF500962B4D /* main.m in Sources */,
				678AC0E920FFB63C000CD978 /* SearchCell.m in Sources */,
				6708BCB9210B9A4300EC1231 /* UserInfoCell.m in Sources */,
				678606D62100FF27003EA77F /* QueueCell.m in Sources */,
				E850FAE7210BDF8400832FA0 /* EntryMapViewController.m in Sources */,
				678AC0EE20FFB725000CD978 /* SpotifyDataManager.m in Sources */,
				E897D5032102621B00BF33AD /* PartyCell.m in Sources */,
				E897D512210281BF00BF33AD /* AbstractSongCell.m in Sources */,
				6708BCA32106571000EC1231 /* SpotifySingleton.m in Sources */,
				E840CE4F210801C800466F1A /* SpotifySong.m in Sources */,
				678606D92100FF35003EA77F /* PoolCell.m in Sources */,
				E8C9482120FFAFF300962B4D /* AppDelegate.m in Sources */,
				1962638A2100F8CA0064BC6A /* JoinPartyViewController.m in Sources */,
				E82FE0D3210F9C47007F7526 /* PartyDetailViewController.m in Sources */,
				1982EC4820FFBB1400336246 /* Party.m in Sources */,
				E8D9211420FFBA4200CB5994 /* BackendAPIManager.m in Sources */,
				E82FE0CD210F8175007F7526 /* PartyAnnotation.m in Sources */,
				6708BCB5210B925200EC1231 /* UserCell.m in Sources */,
				678606D32100FF03003EA77F /* QueueViewController.m in Sources */,
			);
			runOnlyForDeploymentPostprocessing = 0;
		};
/* End PBXSourcesBuildPhase section */

/* Begin PBXVariantGroup section */
		E8C9482A20FFAFF500962B4D /* LaunchScreen.storyboard */ = {
			isa = PBXVariantGroup;
			children = (
				E8C9482B20FFAFF500962B4D /* Base */,
			);
			name = LaunchScreen.storyboard;
			sourceTree = "<group>";
		};
/* End PBXVariantGroup section */

/* Begin XCBuildConfiguration section */
		E8C9483020FFAFF500962B4D /* Debug */ = {
			isa = XCBuildConfiguration;
			buildSettings = {
				ALWAYS_SEARCH_USER_PATHS = NO;
				CLANG_ANALYZER_NONNULL = YES;
				CLANG_ANALYZER_NUMBER_OBJECT_CONVERSION = YES_AGGRESSIVE;
				CLANG_CXX_LANGUAGE_STANDARD = "gnu++14";
				CLANG_CXX_LIBRARY = "libc++";
				CLANG_ENABLE_MODULES = YES;
				CLANG_ENABLE_OBJC_ARC = YES;
				CLANG_ENABLE_OBJC_WEAK = YES;
				CLANG_WARN_BLOCK_CAPTURE_AUTORELEASING = YES;
				CLANG_WARN_BOOL_CONVERSION = YES;
				CLANG_WARN_COMMA = YES;
				CLANG_WARN_CONSTANT_CONVERSION = YES;
				CLANG_WARN_DEPRECATED_OBJC_IMPLEMENTATIONS = YES;
				CLANG_WARN_DIRECT_OBJC_ISA_USAGE = YES_ERROR;
				CLANG_WARN_DOCUMENTATION_COMMENTS = YES;
				CLANG_WARN_EMPTY_BODY = YES;
				CLANG_WARN_ENUM_CONVERSION = YES;
				CLANG_WARN_INFINITE_RECURSION = YES;
				CLANG_WARN_INT_CONVERSION = YES;
				CLANG_WARN_NON_LITERAL_NULL_CONVERSION = YES;
				CLANG_WARN_OBJC_IMPLICIT_RETAIN_SELF = YES;
				CLANG_WARN_OBJC_LITERAL_CONVERSION = YES;
				CLANG_WARN_OBJC_ROOT_CLASS = YES_ERROR;
				CLANG_WARN_RANGE_LOOP_ANALYSIS = YES;
				CLANG_WARN_STRICT_PROTOTYPES = YES;
				CLANG_WARN_SUSPICIOUS_MOVE = YES;
				CLANG_WARN_UNGUARDED_AVAILABILITY = YES_AGGRESSIVE;
				CLANG_WARN_UNREACHABLE_CODE = YES;
				CLANG_WARN__DUPLICATE_METHOD_MATCH = YES;
				CODE_SIGN_IDENTITY = "iPhone Developer";
				COPY_PHASE_STRIP = NO;
				DEBUG_INFORMATION_FORMAT = dwarf;
				ENABLE_STRICT_OBJC_MSGSEND = YES;
				ENABLE_TESTABILITY = YES;
				GCC_C_LANGUAGE_STANDARD = gnu11;
				GCC_DYNAMIC_NO_PIC = NO;
				GCC_NO_COMMON_BLOCKS = YES;
				GCC_OPTIMIZATION_LEVEL = 0;
				GCC_PREPROCESSOR_DEFINITIONS = (
					"DEBUG=1",
					"$(inherited)",
				);
				GCC_WARN_64_TO_32_BIT_CONVERSION = YES;
				GCC_WARN_ABOUT_RETURN_TYPE = YES_ERROR;
				GCC_WARN_UNDECLARED_SELECTOR = YES;
				GCC_WARN_UNINITIALIZED_AUTOS = YES_AGGRESSIVE;
				GCC_WARN_UNUSED_FUNCTION = YES;
				GCC_WARN_UNUSED_VARIABLE = YES;
				IPHONEOS_DEPLOYMENT_TARGET = 11.4;
				MTL_ENABLE_DEBUG_INFO = YES;
				ONLY_ACTIVE_ARCH = YES;
				SDKROOT = iphoneos;
			};
			name = Debug;
		};
		E8C9483120FFAFF500962B4D /* Release */ = {
			isa = XCBuildConfiguration;
			buildSettings = {
				ALWAYS_SEARCH_USER_PATHS = NO;
				CLANG_ANALYZER_NONNULL = YES;
				CLANG_ANALYZER_NUMBER_OBJECT_CONVERSION = YES_AGGRESSIVE;
				CLANG_CXX_LANGUAGE_STANDARD = "gnu++14";
				CLANG_CXX_LIBRARY = "libc++";
				CLANG_ENABLE_MODULES = YES;
				CLANG_ENABLE_OBJC_ARC = YES;
				CLANG_ENABLE_OBJC_WEAK = YES;
				CLANG_WARN_BLOCK_CAPTURE_AUTORELEASING = YES;
				CLANG_WARN_BOOL_CONVERSION = YES;
				CLANG_WARN_COMMA = YES;
				CLANG_WARN_CONSTANT_CONVERSION = YES;
				CLANG_WARN_DEPRECATED_OBJC_IMPLEMENTATIONS = YES;
				CLANG_WARN_DIRECT_OBJC_ISA_USAGE = YES_ERROR;
				CLANG_WARN_DOCUMENTATION_COMMENTS = YES;
				CLANG_WARN_EMPTY_BODY = YES;
				CLANG_WARN_ENUM_CONVERSION = YES;
				CLANG_WARN_INFINITE_RECURSION = YES;
				CLANG_WARN_INT_CONVERSION = YES;
				CLANG_WARN_NON_LITERAL_NULL_CONVERSION = YES;
				CLANG_WARN_OBJC_IMPLICIT_RETAIN_SELF = YES;
				CLANG_WARN_OBJC_LITERAL_CONVERSION = YES;
				CLANG_WARN_OBJC_ROOT_CLASS = YES_ERROR;
				CLANG_WARN_RANGE_LOOP_ANALYSIS = YES;
				CLANG_WARN_STRICT_PROTOTYPES = YES;
				CLANG_WARN_SUSPICIOUS_MOVE = YES;
				CLANG_WARN_UNGUARDED_AVAILABILITY = YES_AGGRESSIVE;
				CLANG_WARN_UNREACHABLE_CODE = YES;
				CLANG_WARN__DUPLICATE_METHOD_MATCH = YES;
				CODE_SIGN_IDENTITY = "iPhone Developer";
				COPY_PHASE_STRIP = NO;
				DEBUG_INFORMATION_FORMAT = "dwarf-with-dsym";
				ENABLE_NS_ASSERTIONS = NO;
				ENABLE_STRICT_OBJC_MSGSEND = YES;
				GCC_C_LANGUAGE_STANDARD = gnu11;
				GCC_NO_COMMON_BLOCKS = YES;
				GCC_WARN_64_TO_32_BIT_CONVERSION = YES;
				GCC_WARN_ABOUT_RETURN_TYPE = YES_ERROR;
				GCC_WARN_UNDECLARED_SELECTOR = YES;
				GCC_WARN_UNINITIALIZED_AUTOS = YES_AGGRESSIVE;
				GCC_WARN_UNUSED_FUNCTION = YES;
				GCC_WARN_UNUSED_VARIABLE = YES;
				IPHONEOS_DEPLOYMENT_TARGET = 11.4;
				MTL_ENABLE_DEBUG_INFO = NO;
				SDKROOT = iphoneos;
				VALIDATE_PRODUCT = YES;
			};
			name = Release;
		};
		E8C9483320FFAFF500962B4D /* Debug */ = {
			isa = XCBuildConfiguration;
			baseConfigurationReference = 97B709FF732FA2C63C67C79E /* Pods-KitKat.debug.xcconfig */;
			buildSettings = {
				ASSETCATALOG_COMPILER_APPICON_NAME = AppIcon;
				CODE_SIGN_STYLE = Automatic;
				DEVELOPMENT_TEAM = HTXQ3R7868;
				FRAMEWORK_SEARCH_PATHS = (
					"$(inherited)",
					"$(PROJECT_DIR)",
				);
				INFOPLIST_FILE = KitKat/Info.plist;
				LD_RUNPATH_SEARCH_PATHS = (
					"$(inherited)",
					"@executable_path/Frameworks",
				);
				"LD_RUNPATH_SEARCH_PATHS[arch=*]" = "-ObjC";
				PRODUCT_BUNDLE_IDENTIFIER = com.mpolson64.KitKat;
				PRODUCT_NAME = "$(TARGET_NAME)";
				TARGETED_DEVICE_FAMILY = "1,2";
			};
			name = Debug;
		};
		E8C9483420FFAFF500962B4D /* Release */ = {
			isa = XCBuildConfiguration;
			baseConfigurationReference = A0BCB2D73B8353EE2827BCA8 /* Pods-KitKat.release.xcconfig */;
			buildSettings = {
				ASSETCATALOG_COMPILER_APPICON_NAME = AppIcon;
				CODE_SIGN_STYLE = Automatic;
				DEVELOPMENT_TEAM = HTXQ3R7868;
				FRAMEWORK_SEARCH_PATHS = (
					"$(inherited)",
					"$(PROJECT_DIR)",
				);
				INFOPLIST_FILE = KitKat/Info.plist;
				LD_RUNPATH_SEARCH_PATHS = (
					"$(inherited)",
					"@executable_path/Frameworks",
				);
				"LD_RUNPATH_SEARCH_PATHS[arch=*]" = "-ObjC";
				PRODUCT_BUNDLE_IDENTIFIER = com.mpolson64.KitKat;
				PRODUCT_NAME = "$(TARGET_NAME)";
				TARGETED_DEVICE_FAMILY = "1,2";
			};
			name = Release;
		};
/* End XCBuildConfiguration section */

/* Begin XCConfigurationList section */
		E8C9481720FFAFF300962B4D /* Build configuration list for PBXProject "KitKat" */ = {
			isa = XCConfigurationList;
			buildConfigurations = (
				E8C9483020FFAFF500962B4D /* Debug */,
				E8C9483120FFAFF500962B4D /* Release */,
			);
			defaultConfigurationIsVisible = 0;
			defaultConfigurationName = Release;
		};
		E8C9483220FFAFF500962B4D /* Build configuration list for PBXNativeTarget "KitKat" */ = {
			isa = XCConfigurationList;
			buildConfigurations = (
				E8C9483320FFAFF500962B4D /* Debug */,
				E8C9483420FFAFF500962B4D /* Release */,
			);
			defaultConfigurationIsVisible = 0;
			defaultConfigurationName = Release;
		};
/* End XCConfigurationList section */
	};
	rootObject = E8C9481420FFAFF300962B4D /* Project object */;
}
